
Microsoft Visual Studio Solution File, Format Version 12.00
# Visual Studio 14
VisualStudioVersion = 14.0.23107.0
MinimumVisualStudioVersion = 10.0.40219.1
Project("{FAE04EC0-301F-11D3-BF4B-00C04F79EFBC}") = "MetadataPlatform.Web", "MetadataPlatform.Web\MetadataPlatform.Web.csproj", "{AFE32174-7662-4BAA-B5ED-03C47BFADFA8}"
EndProject
Project("{FAE04EC0-301F-11D3-BF4B-00C04F79EFBC}") = "MetadataPlatform.Common", "MetadataPlatform.Common\MetadataPlatform.Common.csproj", "{2843F156-A82D-4A8B-A4FF-9F1B4D61875E}"
EndProject
Project("{FAE04EC0-301F-11D3-BF4B-00C04F79EFBC}") = "MetadataPlatform.WebTests", "MetadataPlatform.WebTests\MetadataPlatform.WebTests.csproj", "{008E62A1-0DEC-47A5-B839-7891FE59FD65}"
EndProject
Global
	GlobalSection(SolutionConfigurationPlatforms) = preSolution
		Debug|Any CPU = Debug|Any CPU
		Release|Any CPU = Release|Any CPU
	EndGlobalSection
	GlobalSection(ProjectConfigurationPlatforms) = postSolution
		{AFE32174-7662-4BAA-B5ED-03C47BFADFA8}.Debug|Any CPU.ActiveCfg = Debug|Any CPU
		{AFE32174-7662-4BAA-B5ED-03C47BFADFA8}.Debug|Any CPU.Build.0 = Debug|Any CPU
		{AFE32174-7662-4BAA-B5ED-03C47BFADFA8}.Release|Any CPU.ActiveCfg = Release|Any CPU
		{AFE32174-7662-4BAA-B5ED-03C47BFADFA8}.Release|Any CPU.Build.0 = Release|Any CPU
		{2843F156-A82D-4A8B-A4FF-9F1B4D61875E}.Debug|Any CPU.ActiveCfg = Debug|Any CPU
		{2843F156-A82D-4A8B-A4FF-9F1B4D61875E}.Debug|Any CPU.Build.0 = Debug|Any CPU
		{2843F156-A82D-4A8B-A4FF-9F1B4D61875E}.Release|Any CPU.ActiveCfg = Release|Any CPU
		{2843F156-A82D-4A8B-A4FF-9F1B4D61875E}.Release|Any CPU.Build.0 = Release|Any CPU
		{008E62A1-0DEC-47A5-B839-7891FE59FD65}.Debug|Any CPU.ActiveCfg = Debug|Any CPU
		{008E62A1-0DEC-47A5-B839-7891FE59FD65}.Debug|Any CPU.Build.0 = Debug|Any CPU
		{008E62A1-0DEC-47A5-B839-7891FE59FD65}.Release|Any CPU.ActiveCfg = Release|Any CPU
		{008E62A1-0DEC-47A5-B839-7891FE59FD65}.Release|Any CPU.Build.0 = Release|Any CPU
	EndGlobalSection
	GlobalSection(SolutionProperties) = preSolution
		HideSolutionNode = FALSE
	EndGlobalSection
EndGlobal
